// !$*UTF8*$!
{
	archiveVersion = 1;
	classes = {
	};
	objectVersion = 50;
	objects = {

/* Begin PBXBuildFile section */
		2D9178E126752A450062D6DC /* ReturnedData.swift in Sources */ = {isa = PBXBuildFile; fileRef = 2D9178E026752A450062D6DC /* ReturnedData.swift */; };
		2D9178E426752BA80062D6DC /* ViewModel.swift in Sources */ = {isa = PBXBuildFile; fileRef = 2D9178E326752BA80062D6DC /* ViewModel.swift */; };
		2DC34BE72673C7E000C6237D /* JSONDecoder.swift in Sources */ = {isa = PBXBuildFile; fileRef = 2DC34BE62673C7E000C6237D /* JSONDecoder.swift */; };
		2DC34BE92673C8B400C6237D /* Networker.swift in Sources */ = {isa = PBXBuildFile; fileRef = 2DC34BE82673C8B400C6237D /* Networker.swift */; };
		2DC34BEB2673C8F200C6237D /* Result.swift in Sources */ = {isa = PBXBuildFile; fileRef = 2DC34BEA2673C8F200C6237D /* Result.swift */; };
		2DC34BED2673C92A00C6237D /* Errors.swift in Sources */ = {isa = PBXBuildFile; fileRef = 2DC34BEC2673C92A00C6237D /* Errors.swift */; };
		2DC34BEF2673CA2E00C6237D /* DataManager.swift in Sources */ = {isa = PBXBuildFile; fileRef = 2DC34BEE2673CA2E00C6237D /* DataManager.swift */; };
		2DC34BF12673CB0A00C6237D /* Endpoint.swift in Sources */ = {isa = PBXBuildFile; fileRef = 2DC34BF02673CB0A00C6237D /* Endpoint.swift */; };
		2DC34BF62673D0DA00C6237D /* SearchParameters.swift in Sources */ = {isa = PBXBuildFile; fileRef = 2DC34BF52673D0DA00C6237D /* SearchParameters.swift */; };
		2DC34BF82673D1D900C6237D /* NetworkMonitor.swift in Sources */ = {isa = PBXBuildFile; fileRef = 2DC34BF72673D1D900C6237D /* NetworkMonitor.swift */; };
		2DC34BFB2673E9FD00C6237D /* SearchType.swift in Sources */ = {isa = PBXBuildFile; fileRef = 2DC34BFA2673E9FD00C6237D /* SearchType.swift */; };
		2DC34BFD2674011800C6237D /* ParsingData.swift in Sources */ = {isa = PBXBuildFile; fileRef = 2DC34BFC2674011800C6237D /* ParsingData.swift */; };
		2DC9475C267290DF0009562E /* AppDelegate.swift in Sources */ = {isa = PBXBuildFile; fileRef = 2DC9475B267290DF0009562E /* AppDelegate.swift */; };
		2DC9475E267290DF0009562E /* SceneDelegate.swift in Sources */ = {isa = PBXBuildFile; fileRef = 2DC9475D267290DF0009562E /* SceneDelegate.swift */; };
		2DC94760267290DF0009562E /* ViewController.swift in Sources */ = {isa = PBXBuildFile; fileRef = 2DC9475F267290DF0009562E /* ViewController.swift */; };
		2DC94763267290DF0009562E /* Main.storyboard in Resources */ = {isa = PBXBuildFile; fileRef = 2DC94761267290DF0009562E /* Main.storyboard */; };
		2DC94765267290E00009562E /* Assets.xcassets in Resources */ = {isa = PBXBuildFile; fileRef = 2DC94764267290E00009562E /* Assets.xcassets */; };
		2DC94768267290E00009562E /* LaunchScreen.storyboard in Resources */ = {isa = PBXBuildFile; fileRef = 2DC94766267290E00009562E /* LaunchScreen.storyboard */; };
		2DDD67712677D0DD000BA6EA /* WeatherLocations.swift in Sources */ = {isa = PBXBuildFile; fileRef = 2DDD67702677D0DD000BA6EA /* WeatherLocations.swift */; };
/* End PBXBuildFile section */

/* Begin PBXFileReference section */
		2D9178E026752A450062D6DC /* ReturnedData.swift */ = {isa = PBXFileReference; lastKnownFileType = sourcecode.swift; path = ReturnedData.swift; sourceTree = "<group>"; };
		2D9178E326752BA80062D6DC /* ViewModel.swift */ = {isa = PBXFileReference; lastKnownFileType = sourcecode.swift; path = ViewModel.swift; sourceTree = "<group>"; };
		2DC34BE62673C7E000C6237D /* JSONDecoder.swift */ = {isa = PBXFileReference; lastKnownFileType = sourcecode.swift; path = JSONDecoder.swift; sourceTree = "<group>"; };
		2DC34BE82673C8B400C6237D /* Networker.swift */ = {isa = PBXFileReference; lastKnownFileType = sourcecode.swift; path = Networker.swift; sourceTree = "<group>"; };
		2DC34BEA2673C8F200C6237D /* Result.swift */ = {isa = PBXFileReference; lastKnownFileType = sourcecode.swift; path = Result.swift; sourceTree = "<group>"; };
		2DC34BEC2673C92A00C6237D /* Errors.swift */ = {isa = PBXFileReference; lastKnownFileType = sourcecode.swift; path = Errors.swift; sourceTree = "<group>"; };
		2DC34BEE2673CA2E00C6237D /* DataManager.swift */ = {isa = PBXFileReference; lastKnownFileType = sourcecode.swift; path = DataManager.swift; sourceTree = "<group>"; };
		2DC34BF02673CB0A00C6237D /* Endpoint.swift */ = {isa = PBXFileReference; lastKnownFileType = sourcecode.swift; path = Endpoint.swift; sourceTree = "<group>"; };
		2DC34BF52673D0DA00C6237D /* SearchParameters.swift */ = {isa = PBXFileReference; lastKnownFileType = sourcecode.swift; path = SearchParameters.swift; sourceTree = "<group>"; };
		2DC34BF72673D1D900C6237D /* NetworkMonitor.swift */ = {isa = PBXFileReference; lastKnownFileType = sourcecode.swift; path = NetworkMonitor.swift; sourceTree = "<group>"; };
		2DC34BFA2673E9FD00C6237D /* SearchType.swift */ = {isa = PBXFileReference; lastKnownFileType = sourcecode.swift; path = SearchType.swift; sourceTree = "<group>"; };
		2DC34BFC2674011800C6237D /* ParsingData.swift */ = {isa = PBXFileReference; lastKnownFileType = sourcecode.swift; path = ParsingData.swift; sourceTree = "<group>"; };
		2DC94758267290DF0009562E /* WeatherCute World.app */ = {isa = PBXFileReference; explicitFileType = wrapper.application; includeInIndex = 0; path = "WeatherCute World.app"; sourceTree = BUILT_PRODUCTS_DIR; };
		2DC9475B267290DF0009562E /* AppDelegate.swift */ = {isa = PBXFileReference; lastKnownFileType = sourcecode.swift; path = AppDelegate.swift; sourceTree = "<group>"; };
		2DC9475D267290DF0009562E /* SceneDelegate.swift */ = {isa = PBXFileReference; lastKnownFileType = sourcecode.swift; path = SceneDelegate.swift; sourceTree = "<group>"; };
		2DC9475F267290DF0009562E /* ViewController.swift */ = {isa = PBXFileReference; lastKnownFileType = sourcecode.swift; path = ViewController.swift; sourceTree = "<group>"; };
		2DC94762267290DF0009562E /* Base */ = {isa = PBXFileReference; lastKnownFileType = file.storyboard; name = Base; path = Base.lproj/Main.storyboard; sourceTree = "<group>"; };
		2DC94764267290E00009562E /* Assets.xcassets */ = {isa = PBXFileReference; lastKnownFileType = folder.assetcatalog; path = Assets.xcassets; sourceTree = "<group>"; };
		2DC94767267290E00009562E /* Base */ = {isa = PBXFileReference; lastKnownFileType = file.storyboard; name = Base; path = Base.lproj/LaunchScreen.storyboard; sourceTree = "<group>"; };
		2DC94769267290E00009562E /* Info.plist */ = {isa = PBXFileReference; lastKnownFileType = text.plist.xml; path = Info.plist; sourceTree = "<group>"; };
		2DDD67702677D0DD000BA6EA /* WeatherLocations.swift */ = {isa = PBXFileReference; lastKnownFileType = sourcecode.swift; path = WeatherLocations.swift; sourceTree = "<group>"; };
/* End PBXFileReference section */

/* Begin PBXFrameworksBuildPhase section */
		2DC94755267290DF0009562E /* Frameworks */ = {
			isa = PBXFrameworksBuildPhase;
			buildActionMask = 2147483647;
			files = (
			);
			runOnlyForDeploymentPostprocessing = 0;
		};
/* End PBXFrameworksBuildPhase section */

/* Begin PBXGroup section */
		2D9178E226752AF90062D6DC /* Views */ = {
			isa = PBXGroup;
			children = (
				2DC9475F267290DF0009562E /* ViewController.swift */,
			);
			path = Views;
			sourceTree = "<group>";
		};
		2D9178E526752BAC0062D6DC /* View Models */ = {
			isa = PBXGroup;
			children = (
				2D9178E326752BA80062D6DC /* ViewModel.swift */,
			);
			path = "View Models";
			sourceTree = "<group>";
		};
		2DC34BE52673C7A400C6237D /* Networking */ = {
			isa = PBXGroup;
			children = (
				2DC34BF92673E9EB00C6237D /* Parsing */,
				2DC34BE62673C7E000C6237D /* JSONDecoder.swift */,
				2DC34BEE2673CA2E00C6237D /* DataManager.swift */,
				2DC34BF02673CB0A00C6237D /* Endpoint.swift */,
				2DC34BE82673C8B400C6237D /* Networker.swift */,
				2DC34BF72673D1D900C6237D /* NetworkMonitor.swift */,
				2DC34BEA2673C8F200C6237D /* Result.swift */,
				2DC34BEC2673C92A00C6237D /* Errors.swift */,
			);
			path = Networking;
			sourceTree = "<group>";
		};
		2DC34BF42673D08400C6237D /* Models */ = {
			isa = PBXGroup;
			children = (
				2DC34BF52673D0DA00C6237D /* SearchParameters.swift */,
				2D9178E026752A450062D6DC /* ReturnedData.swift */,
				2DDD67702677D0DD000BA6EA /* WeatherLocations.swift */,
			);
			path = Models;
			sourceTree = "<group>";
		};
		2DC34BF92673E9EB00C6237D /* Parsing */ = {
			isa = PBXGroup;
			children = (
				2DC34BFA2673E9FD00C6237D /* SearchType.swift */,
				2DC34BFC2674011800C6237D /* ParsingData.swift */,
			);
			path = Parsing;
			sourceTree = "<group>";
		};
		2DC9474F267290DF0009562E = {
			isa = PBXGroup;
			children = (
				2DC9475A267290DF0009562E /* WeatherCute World */,
				2DC94759267290DF0009562E /* Products */,
			);
			sourceTree = "<group>";
		};
		2DC94759267290DF0009562E /* Products */ = {
			isa = PBXGroup;
			children = (
				2DC94758267290DF0009562E /* WeatherCute World.app */,
			);
			name = Products;
			sourceTree = "<group>";
		};
		2DC9475A267290DF0009562E /* WeatherCute World */ = {
			isa = PBXGroup;
			children = (
				2DC9475B267290DF0009562E /* AppDelegate.swift */,
				2DC9475D267290DF0009562E /* SceneDelegate.swift */,
				2DC34BF42673D08400C6237D /* Models */,
				2DC34BE52673C7A400C6237D /* Networking */,
				2D9178E526752BAC0062D6DC /* View Models */,
				2D9178E226752AF90062D6DC /* Views */,
				2DC94761267290DF0009562E /* Main.storyboard */,
				2DC94764267290E00009562E /* Assets.xcassets */,
				2DC94766267290E00009562E /* LaunchScreen.storyboard */,
				2DC94769267290E00009562E /* Info.plist */,
			);
			path = "WeatherCute World";
			sourceTree = "<group>";
		};
/* End PBXGroup section */

/* Begin PBXNativeTarget section */
		2DC94757267290DF0009562E /* WeatherCute World */ = {
			isa = PBXNativeTarget;
			buildConfigurationList = 2DC9476C267290E00009562E /* Build configuration list for PBXNativeTarget "WeatherCute World" */;
			buildPhases = (
				2DC94754267290DF0009562E /* Sources */,
				2DC94755267290DF0009562E /* Frameworks */,
				2DC94756267290DF0009562E /* Resources */,
			);
			buildRules = (
			);
			dependencies = (
			);
			name = "WeatherCute World";
			productName = "WeatherCute World";
			productReference = 2DC94758267290DF0009562E /* WeatherCute World.app */;
			productType = "com.apple.product-type.application";
		};
/* End PBXNativeTarget section */

/* Begin PBXProject section */
		2DC94750267290DF0009562E /* Project object */ = {
			isa = PBXProject;
			attributes = {
				LastSwiftUpdateCheck = 1250;
				LastUpgradeCheck = 1250;
				TargetAttributes = {
					2DC94757267290DF0009562E = {
						CreatedOnToolsVersion = 12.5;
					};
				};
			};
			buildConfigurationList = 2DC94753267290DF0009562E /* Build configuration list for PBXProject "WeatherCute World" */;
			compatibilityVersion = "Xcode 9.3";
			developmentRegion = en;
			hasScannedForEncodings = 0;
			knownRegions = (
				en,
				Base,
			);
			mainGroup = 2DC9474F267290DF0009562E;
			productRefGroup = 2DC94759267290DF0009562E /* Products */;
			projectDirPath = "";
			projectRoot = "";
			targets = (
				2DC94757267290DF0009562E /* WeatherCute World */,
			);
		};
/* End PBXProject section */

/* Begin PBXResourcesBuildPhase section */
		2DC94756267290DF0009562E /* Resources */ = {
			isa = PBXResourcesBuildPhase;
			buildActionMask = 2147483647;
			files = (
				2DC94768267290E00009562E /* LaunchScreen.storyboard in Resources */,
				2DC94765267290E00009562E /* Assets.xcassets in Resources */,
				2DC94763267290DF0009562E /* Main.storyboard in Resources */,
			);
			runOnlyForDeploymentPostprocessing = 0;
		};
/* End PBXResourcesBuildPhase section */

/* Begin PBXSourcesBuildPhase section */
		2DC94754267290DF0009562E /* Sources */ = {
			isa = PBXSourcesBuildPhase;
			buildActionMask = 2147483647;
			files = (
				2DC34BF82673D1D900C6237D /* NetworkMonitor.swift in Sources */,
				2DC34BEB2673C8F200C6237D /* Result.swift in Sources */,
				2DC34BF12673CB0A00C6237D /* Endpoint.swift in Sources */,
				2DC34BEF2673CA2E00C6237D /* DataManager.swift in Sources */,
				2DC34BF62673D0DA00C6237D /* SearchParameters.swift in Sources */,
				2DC34BE92673C8B400C6237D /* Networker.swift in Sources */,
				2D9178E126752A450062D6DC /* ReturnedData.swift in Sources */,
				2DC34BE72673C7E000C6237D /* JSONDecoder.swift in Sources */,
				2DC94760267290DF0009562E /* ViewController.swift in Sources */,
				2DC9475C267290DF0009562E /* AppDelegate.swift in Sources */,
				2D9178E426752BA80062D6DC /* ViewModel.swift in Sources */,
				2DC9475E267290DF0009562E /* SceneDelegate.swift in Sources */,
				2DC34BFD2674011800C6237D /* ParsingData.swift in Sources */,
				2DDD67712677D0DD000BA6EA /* WeatherLocations.swift in Sources */,
				2DC34BED2673C92A00C6237D /* Errors.swift in Sources */,
				2DC34BFB2673E9FD00C6237D /* SearchType.swift in Sources */,
			);
			runOnlyForDeploymentPostprocessing = 0;
		};
/* End PBXSourcesBuildPhase section */

/* Begin PBXVariantGroup section */
		2DC94761267290DF0009562E /* Main.storyboard */ = {
			isa = PBXVariantGroup;
			children = (
				2DC94762267290DF0009562E /* Base */,
			);
			name = Main.storyboard;
			sourceTree = "<group>";
		};
		2DC94766267290E00009562E /* LaunchScreen.storyboard */ = {
			isa = PBXVariantGroup;
			children = (
				2DC94767267290E00009562E /* Base */,
			);
			name = LaunchScreen.storyboard;
			sourceTree = "<group>";
		};
/* End PBXVariantGroup section */

/* Begin XCBuildConfiguration section */
		2DC9476A267290E00009562E /* Debug */ = {
			isa = XCBuildConfiguration;
			buildSettings = {
				ALWAYS_SEARCH_USER_PATHS = NO;
				CLANG_ANALYZER_NONNULL = YES;
				CLANG_ANALYZER_NUMBER_OBJECT_CONVERSION = YES_AGGRESSIVE;
				CLANG_CXX_LANGUAGE_STANDARD = "gnu++14";
				CLANG_CXX_LIBRARY = "libc++";
				CLANG_ENABLE_MODULES = YES;
				CLANG_ENABLE_OBJC_ARC = YES;
				CLANG_ENABLE_OBJC_WEAK = YES;
				CLANG_WARN_BLOCK_CAPTURE_AUTORELEASING = YES;
				CLANG_WARN_BOOL_CONVERSION = YES;
				CLANG_WARN_COMMA = YES;
				CLANG_WARN_CONSTANT_CONVERSION = YES;
				CLANG_WARN_DEPRECATED_OBJC_IMPLEMENTATIONS = YES;
				CLANG_WARN_DIRECT_OBJC_ISA_USAGE = YES_ERROR;
				CLANG_WARN_DOCUMENTATION_COMMENTS = YES;
				CLANG_WARN_EMPTY_BODY = YES;
				CLANG_WARN_ENUM_CONVERSION = YES;
				CLANG_WARN_INFINITE_RECURSION = YES;
				CLANG_WARN_INT_CONVERSION = YES;
				CLANG_WARN_NON_LITERAL_NULL_CONVERSION = YES;
				CLANG_WARN_OBJC_IMPLICIT_RETAIN_SELF = YES;
				CLANG_WARN_OBJC_LITERAL_CONVERSION = YES;
				CLANG_WARN_OBJC_ROOT_CLASS = YES_ERROR;
				CLANG_WARN_QUOTED_INCLUDE_IN_FRAMEWORK_HEADER = YES;
				CLANG_WARN_RANGE_LOOP_ANALYSIS = YES;
				CLANG_WARN_STRICT_PROTOTYPES = YES;
				CLANG_WARN_SUSPICIOUS_MOVE = YES;
				CLANG_WARN_UNGUARDED_AVAILABILITY = YES_AGGRESSIVE;
				CLANG_WARN_UNREACHABLE_CODE = YES;
				CLANG_WARN__DUPLICATE_METHOD_MATCH = YES;
				COPY_PHASE_STRIP = NO;
				DEBUG_INFORMATION_FORMAT = dwarf;
				ENABLE_STRICT_OBJC_MSGSEND = YES;
				ENABLE_TESTABILITY = YES;
				GCC_C_LANGUAGE_STANDARD = gnu11;
				GCC_DYNAMIC_NO_PIC = NO;
				GCC_NO_COMMON_BLOCKS = YES;
				GCC_OPTIMIZATION_LEVEL = 0;
				GCC_PREPROCESSOR_DEFINITIONS = (
					"DEBUG=1",
					"$(inherited)",
				);
				GCC_WARN_64_TO_32_BIT_CONVERSION = YES;
				GCC_WARN_ABOUT_RETURN_TYPE = YES_ERROR;
				GCC_WARN_UNDECLARED_SELECTOR = YES;
				GCC_WARN_UNINITIALIZED_AUTOS = YES_AGGRESSIVE;
				GCC_WARN_UNUSED_FUNCTION = YES;
				GCC_WARN_UNUSED_VARIABLE = YES;
				IPHONEOS_DEPLOYMENT_TARGET = 14.5;
				MTL_ENABLE_DEBUG_INFO = INCLUDE_SOURCE;
				MTL_FAST_MATH = YES;
				ONLY_ACTIVE_ARCH = YES;
				SDKROOT = iphoneos;
				SWIFT_ACTIVE_COMPILATION_CONDITIONS = DEBUG;
				SWIFT_OPTIMIZATION_LEVEL = "-Onone";
			};
			name = Debug;
		};
		2DC9476B267290E00009562E /* Release */ = {
			isa = XCBuildConfiguration;
			buildSettings = {
				ALWAYS_SEARCH_USER_PATHS = NO;
				CLANG_ANALYZER_NONNULL = YES;
				CLANG_ANALYZER_NUMBER_OBJECT_CONVERSION = YES_AGGRESSIVE;
				CLANG_CXX_LANGUAGE_STANDARD = "gnu++14";
				CLANG_CXX_LIBRARY = "libc++";
				CLANG_ENABLE_MODULES = YES;
				CLANG_ENABLE_OBJC_ARC = YES;
				CLANG_ENABLE_OBJC_WEAK = YES;
				CLANG_WARN_BLOCK_CAPTURE_AUTORELEASING = YES;
				CLANG_WARN_BOOL_CONVERSION = YES;
				CLANG_WARN_COMMA = YES;
				CLANG_WARN_CONSTANT_CONVERSION = YES;
				CLANG_WARN_DEPRECATED_OBJC_IMPLEMENTATIONS = YES;
				CLANG_WARN_DIRECT_OBJC_ISA_USAGE = YES_ERROR;
				CLANG_WARN_DOCUMENTATION_COMMENTS = YES;
				CLANG_WARN_EMPTY_BODY = YES;
				CLANG_WARN_ENUM_CONVERSION = YES;
				CLANG_WARN_INFINITE_RECURSION = YES;
				CLANG_WARN_INT_CONVERSION = YES;
				CLANG_WARN_NON_LITERAL_NULL_CONVERSION = YES;
				CLANG_WARN_OBJC_IMPLICIT_RETAIN_SELF = YES;
				CLANG_WARN_OBJC_LITERAL_CONVERSION = YES;
				CLANG_WARN_OBJC_ROOT_CLASS = YES_ERROR;
				CLANG_WARN_QUOTED_INCLUDE_IN_FRAMEWORK_HEADER = YES;
				CLANG_WARN_RANGE_LOOP_ANALYSIS = YES;
				CLANG_WARN_STRICT_PROTOTYPES = YES;
				CLANG_WARN_SUSPICIOUS_MOVE = YES;
				CLANG_WARN_UNGUARDED_AVAILABILITY = YES_AGGRESSIVE;
				CLANG_WARN_UNREACHABLE_CODE = YES;
				CLANG_WARN__DUPLICATE_METHOD_MATCH = YES;
				COPY_PHASE_STRIP = NO;
				DEBUG_INFORMATION_FORMAT = "dwarf-with-dsym";
				ENABLE_NS_ASSERTIONS = NO;
				ENABLE_STRICT_OBJC_MSGSEND = YES;
				GCC_C_LANGUAGE_STANDARD = gnu11;
				GCC_NO_COMMON_BLOCKS = YES;
				GCC_WARN_64_TO_32_BIT_CONVERSION = YES;
				GCC_WARN_ABOUT_RETURN_TYPE = YES_ERROR;
				GCC_WARN_UNDECLARED_SELECTOR = YES;
				GCC_WARN_UNINITIALIZED_AUTOS = YES_AGGRESSIVE;
				GCC_WARN_UNUSED_FUNCTION = YES;
				GCC_WARN_UNUSED_VARIABLE = YES;
				IPHONEOS_DEPLOYMENT_TARGET = 14.5;
				MTL_ENABLE_DEBUG_INFO = NO;
				MTL_FAST_MATH = YES;
				SDKROOT = iphoneos;
				SWIFT_COMPILATION_MODE = wholemodule;
				SWIFT_OPTIMIZATION_LEVEL = "-O";
				VALIDATE_PRODUCT = YES;
			};
			name = Release;
		};
		2DC9476D267290E00009562E /* Debug */ = {
			isa = XCBuildConfiguration;
			buildSettings = {
				ASSETCATALOG_COMPILER_APPICON_NAME = AppIcon;
				ASSETCATALOG_COMPILER_GLOBAL_ACCENT_COLOR_NAME = AccentColor;
				CODE_SIGN_STYLE = Automatic;
				DEVELOPMENT_TEAM = A8R365GJ52;
				INFOPLIST_FILE = "WeatherCute World/Info.plist";
				LD_RUNPATH_SEARCH_PATHS = (
					"$(inherited)",
					"@executable_path/Frameworks",
				);
				PRODUCT_BUNDLE_IDENTIFIER = "com.kduncan-welke.WeatherCuteInternational.WeatherCute-World";
				PRODUCT_NAME = "$(TARGET_NAME)";
				SWIFT_VERSION = 5.0;
				TARGETED_DEVICE_FAMILY = "1,2";
			};
			name = Debug;
		};
		2DC9476E267290E00009562E /* Release */ = {
			isa = XCBuildConfiguration;
			buildSettings = {
				ASSETCATALOG_COMPILER_APPICON_NAME = AppIcon;
				ASSETCATALOG_COMPILER_GLOBAL_ACCENT_COLOR_NAME = AccentColor;
				CODE_SIGN_STYLE = Automatic;
				DEVELOPMENT_TEAM = A8R365GJ52;
				INFOPLIST_FILE = "WeatherCute World/Info.plist";
				LD_RUNPATH_SEARCH_PATHS = (
					"$(inherited)",
					"@executable_path/Frameworks",
				);
				PRODUCT_BUNDLE_IDENTIFIER = "com.kduncan-welke.WeatherCuteInternational.WeatherCute-World";
				PRODUCT_NAME = "$(TARGET_NAME)";
				SWIFT_VERSION = 5.0;
				TARGETED_DEVICE_FAMILY = "1,2";
			};
			name = Release;
		};
/* End XCBuildConfiguration section */

/* Begin XCConfigurationList section */
		2DC94753267290DF0009562E /* Build configuration list for PBXProject "WeatherCute World" */ = {
			isa = XCConfigurationList;
			buildConfigurations = (
				2DC9476A267290E00009562E /* Debug */,
				2DC9476B267290E00009562E /* Release */,
			);
			defaultConfigurationIsVisible = 0;
			defaultConfigurationName = Release;
		};
		2DC9476C267290E00009562E /* Build configuration list for PBXNativeTarget "WeatherCute World" */ = {
			isa = XCConfigurationList;
			buildConfigurations = (
				2DC9476D267290E00009562E /* Debug */,
				2DC9476E267290E00009562E /* Release */,
			);
			defaultConfigurationIsVisible = 0;
			defaultConfigurationName = Release;
		};
/* End XCConfigurationList section */
	};
	rootObject = 2DC94750267290DF0009562E /* Project object */;
}
